
Microsoft Visual Studio Solution File, Format Version 12.00
# Visual Studio Version 17
VisualStudioVersion = 17.5.33516.290
MinimumVisualStudioVersion = 10.0.40219.1
Project("{FAE04EC0-301F-11D3-BF4B-00C04F79EFBC}") = "FakturaMVC", "FakturaMVC\FakturaMVC.csproj", "{66695B74-F1D5-43A5-93E1-62D6BDBAF364}"
EndProject
Project("{FAE04EC0-301F-11D3-BF4B-00C04F79EFBC}") = "FakturaMEF", "FakturaMEF\FakturaMEF.csproj", "{FB30EA20-0753-45BA-8DF7-784D7626253C}"
EndProject
Global
	GlobalSection(SolutionConfigurationPlatforms) = preSolution
		Debug|Any CPU = Debug|Any CPU
		Release|Any CPU = Release|Any CPU
	EndGlobalSection
	GlobalSection(ProjectConfigurationPlatforms) = postSolution
		{66695B74-F1D5-43A5-93E1-62D6BDBAF364}.Debug|Any CPU.ActiveCfg = Debug|Any CPU
		{66695B74-F1D5-43A5-93E1-62D6BDBAF364}.Debug|Any CPU.Build.0 = Debug|Any CPU
		{66695B74-F1D5-43A5-93E1-62D6BDBAF364}.Release|Any CPU.ActiveCfg = Release|Any CPU
		{66695B74-F1D5-43A5-93E1-62D6BDBAF364}.Release|Any CPU.Build.0 = Release|Any CPU
		{FB30EA20-0753-45BA-8DF7-784D7626253C}.Debug|Any CPU.ActiveCfg = Debug|Any CPU
		{FB30EA20-0753-45BA-8DF7-784D7626253C}.Debug|Any CPU.Build.0 = Debug|Any CPU
		{FB30EA20-0753-45BA-8DF7-784D7626253C}.Release|Any CPU.ActiveCfg = Release|Any CPU
		{FB30EA20-0753-45BA-8DF7-784D7626253C}.Release|Any CPU.Build.0 = Release|Any CPU
	EndGlobalSection
	GlobalSection(SolutionProperties) = preSolution
		HideSolutionNode = FALSE
	EndGlobalSection
	GlobalSection(ExtensibilityGlobals) = postSolution
		SolutionGuid = {BF1753E3-5853-4859-A740-078421C65E91}
	EndGlobalSection
EndGlobal
